// !$*UTF8*$!
{
	archiveVersion = 1;
	classes = {
	};
	objectVersion = 46;
	objects = {

/* Begin PBXBuildFile section */
		093E859C1C5270C40054A5DB /* Voltaire.swift in Sources */ = {isa = PBXBuildFile; fileRef = 093E859B1C5270C40054A5DB /* Voltaire.swift */; };
		09CA4D5B1C525A6800D7EFAA /* main.swift in Sources */ = {isa = PBXBuildFile; fileRef = 09CA4D5A1C525A6800D7EFAA /* main.swift */; };
/* End PBXBuildFile section */

/* Begin PBXCopyFilesBuildPhase section */
		09CA4D551C525A6800D7EFAA /* CopyFiles */ = {
			isa = PBXCopyFilesBuildPhase;
			buildActionMask = 2147483647;
			dstPath = /usr/share/man/man1/;
			dstSubfolderSpec = 0;
			files = (
			);
			runOnlyForDeploymentPostprocessing = 1;
		};
/* End PBXCopyFilesBuildPhase section */

/* Begin PBXFileReference section */
		093E859B1C5270C40054A5DB /* Voltaire.swift */ = {isa = PBXFileReference; fileEncoding = 4; lastKnownFileType = sourcecode.swift; path = Voltaire.swift; sourceTree = "<group>"; };
		09CA4D571C525A6800D7EFAA /* Voltaire */ = {isa = PBXFileReference; explicitFileType = "compiled.mach-o.executable"; includeInIndex = 0; path = Voltaire; sourceTree = BUILT_PRODUCTS_DIR; };
		09CA4D5A1C525A6800D7EFAA /* main.swift */ = {isa = PBXFileReference; lastKnownFileType = sourcecode.swift; path = main.swift; sourceTree = "<group>"; };
/* End PBXFileReference section */

/* Begin PBXFrameworksBuildPhase section */
		09CA4D541C525A6800D7EFAA /* Frameworks */ = {
			isa = PBXFrameworksBuildPhase;
			buildActionMask = 2147483647;
			files = (
			);
			runOnlyForDeploymentPostprocessing = 0;
		};
/* End PBXFrameworksBuildPhase section */

/* Begin PBXGroup section */
		09CA4D4E1C525A6800D7EFAA = {
			isa = PBXGroup;
			children = (
				09CA4D591C525A6800D7EFAA /* Voltaire */,
				09CA4D581C525A6800D7EFAA /* Products */,
			);
			sourceTree = "<group>";
		};
		09CA4D581C525A6800D7EFAA /* Products */ = {
			isa = PBXGroup;
			children = (
				09CA4D571C525A6800D7EFAA /* Voltaire */,
			);
			name = Products;
			sourceTree = "<group>";
		};
		09CA4D591C525A6800D7EFAA /* Voltaire */ = {
			isa = PBXGroup;
			children = (
				09CA4D5A1C525A6800D7EFAA /* main.swift */,
				093E859B1C5270C40054A5DB /* Voltaire.swift */,
			);
			name = Voltaire;
			path = ..;
			sourceTree = "<group>";
		};
/* End PBXGroup section */

/* Begin PBXNativeTarget section */
		09CA4D561C525A6800D7EFAA /* Voltaire */ = {
			isa = PBXNativeTarget;
			buildConfigurationList = 09CA4D5E1C525A6800D7EFAA /* Build configuration list for PBXNativeTarget "Voltaire" */;
			buildPhases = (
				09CA4D531C525A6800D7EFAA /* Sources */,
				09CA4D541C525A6800D7EFAA /* Frameworks */,
				09CA4D551C525A6800D7EFAA /* CopyFiles */,
			);
			buildRules = (
			);
			dependencies = (
			);
			name = Voltaire;
			productName = Voltaire;
			productReference = 09CA4D571C525A6800D7EFAA /* Voltaire */;
			productType = "com.apple.product-type.tool";
		};
/* End PBXNativeTarget section */

/* Begin PBXProject section */
		09CA4D4F1C525A6800D7EFAA /* Project object */ = {
			isa = PBXProject;
			attributes = {
				LastSwiftUpdateCheck = 0730;
				LastUpgradeCheck = 0730;
				ORGANIZATIONNAME = Francescu;
				TargetAttributes = {
					09CA4D561C525A6800D7EFAA = {
						CreatedOnToolsVersion = 7.3;
					};
				};
			};
			buildConfigurationList = 09CA4D521C525A6800D7EFAA /* Build configuration list for PBXProject "Voltaire" */;
			compatibilityVersion = "Xcode 3.2";
			developmentRegion = English;
			hasScannedForEncodings = 0;
			knownRegions = (
				en,
			);
			mainGroup = 09CA4D4E1C525A6800D7EFAA;
			productRefGroup = 09CA4D581C525A6800D7EFAA /* Products */;
			projectDirPath = "";
			projectRoot = "";
			targets = (
				09CA4D561C525A6800D7EFAA /* Voltaire */,
			);
		};
/* End PBXProject section */

/* Begin PBXSourcesBuildPhase section */
		09CA4D531C525A6800D7EFAA /* Sources */ = {
			isa = PBXSourcesBuildPhase;
			buildActionMask = 2147483647;
			files = (
				09CA4D5B1C525A6800D7EFAA /* main.swift in Sources */,
				093E859C1C5270C40054A5DB /* Voltaire.swift in Sources */,
			);
			runOnlyForDeploymentPostprocessing = 0;
		};
/* End PBXSourcesBuildPhase section */

/* Begin XCBuildConfiguration section */
		09CA4D5C1C525A6800D7EFAA /* Debug */ = {
			isa = XCBuildConfiguration;
			buildSettings = {
				ALWAYS_SEARCH_USER_PATHS = NO;
				CLANG_CXX_LANGUAGE_STANDARD = "gnu++0x";
				CLANG_CXX_LIBRARY = "libc++";
				CLANG_ENABLE_MODULES = YES;
				CLANG_ENABLE_OBJC_ARC = YES;
				CLANG_WARN_BOOL_CONVERSION = YES;
				CLANG_WARN_CONSTANT_CONVERSION = YES;
				CLANG_WARN_DIRECT_OBJC_ISA_USAGE = YES_ERROR;
				CLANG_WARN_EMPTY_BODY = YES;
				CLANG_WARN_ENUM_CONVERSION = YES;
				CLANG_WARN_INT_CONVERSION = YES;
				CLANG_WARN_OBJC_ROOT_CLASS = YES_ERROR;
				CLANG_WARN_UNREACHABLE_CODE = YES;
				CLANG_WARN__DUPLICATE_METHOD_MATCH = YES;
				CODE_SIGN_IDENTITY = "-";
				COPY_PHASE_STRIP = NO;
				DEBUG_INFORMATION_FORMAT = dwarf;
				ENABLE_STRICT_OBJC_MSGSEND = YES;
				ENABLE_TESTABILITY = YES;
				GCC_C_LANGUAGE_STANDARD = gnu99;
				GCC_DYNAMIC_NO_PIC = NO;
				GCC_NO_COMMON_BLOCKS = YES;
				GCC_OPTIMIZATION_LEVEL = 0;
				GCC_PREPROCESSOR_DEFINITIONS = (
					"DEBUG=1",
					"$(inherited)",
				);
				GCC_WARN_64_TO_32_BIT_CONVERSION = YES;
				GCC_WARN_ABOUT_RETURN_TYPE = YES_ERROR;
				GCC_WARN_UNDECLARED_SELECTOR = YES;
				GCC_WARN_UNINITIALIZED_AUTOS = YES_AGGRESSIVE;
				GCC_WARN_UNUSED_FUNCTION = YES;
				GCC_WARN_UNUSED_VARIABLE = YES;
				MACOSX_DEPLOYMENT_TARGET = 10.11;
				MTL_ENABLE_DEBUG_INFO = YES;
				ONLY_ACTIVE_ARCH = YES;
				SDKROOT = macosx;
				SWIFT_OPTIMIZATION_LEVEL = "-Onone";
			};
			name = Debug;
		};
		09CA4D5D1C525A6800D7EFAA /* Release */ = {
			isa = XCBuildConfiguration;
			buildSettings = {
				ALWAYS_SEARCH_USER_PATHS = NO;
				CLANG_CXX_LANGUAGE_STANDARD = "gnu++0x";
				CLANG_CXX_LIBRARY = "libc++";
				CLANG_ENABLE_MODULES = YES;
				CLANG_ENABLE_OBJC_ARC = YES;
				CLANG_WARN_BOOL_CONVERSION = YES;
				CLANG_WARN_CONSTANT_CONVERSION = YES;
				CLANG_WARN_DIRECT_OBJC_ISA_USAGE = YES_ERROR;
				CLANG_WARN_EMPTY_BODY = YES;
				CLANG_WARN_ENUM_CONVERSION = YES;
				CLANG_WARN_INT_CONVERSION = YES;
				CLANG_WARN_OBJC_ROOT_CLASS = YES_ERROR;
				CLANG_WARN_UNREACHABLE_CODE = YES;
				CLANG_WARN__DUPLICATE_METHOD_MATCH = YES;
				CODE_SIGN_IDENTITY = "-";
				COPY_PHASE_STRIP = NO;
				DEBUG_INFORMATION_FORMAT = "dwarf-with-dsym";
				ENABLE_NS_ASSERTIONS = NO;
				ENABLE_STRICT_OBJC_MSGSEND = YES;
				GCC_C_LANGUAGE_STANDARD = gnu99;
				GCC_NO_COMMON_BLOCKS = YES;
				GCC_WARN_64_TO_32_BIT_CONVERSION = YES;
				GCC_WARN_ABOUT_RETURN_TYPE = YES_ERROR;
				GCC_WARN_UNDECLARED_SELECTOR = YES;
				GCC_WARN_UNINITIALIZED_AUTOS = YES_AGGRESSIVE;
				GCC_WARN_UNUSED_FUNCTION = YES;
				GCC_WARN_UNUSED_VARIABLE = YES;
				MACOSX_DEPLOYMENT_TARGET = 10.11;
				MTL_ENABLE_DEBUG_INFO = NO;
				SDKROOT = macosx;
			};
			name = Release;
		};
		09CA4D5F1C525A6800D7EFAA /* Debug */ = {
			isa = XCBuildConfiguration;
			buildSettings = {
				LIBRARY_SEARCH_PATHS = (
					"$(inherited)",
					"$(PROJECT_DIR)/.build/debug",
				);
				PRODUCT_NAME = "$(TARGET_NAME)";
				SWIFT_INCLUDE_PATHS = "$(PROJECT_DIR)/.build/debug";
			};
			name = Debug;
		};
		09CA4D601C525A6800D7EFAA /* Release */ = {
			isa = XCBuildConfiguration;
			buildSettings = {
				LIBRARY_SEARCH_PATHS = (
					"$(inherited)",
					"$(PROJECT_DIR)/.build/debug",
				);
				PRODUCT_NAME = "$(TARGET_NAME)";
				SWIFT_INCLUDE_PATHS = "$(PROJECT_DIR)/.build/debug";
			};
			name = Release;
		};
/* End XCBuildConfiguration section */

/* Begin XCConfigurationList section */
		09CA4D521C525A6800D7EFAA /* Build configuration list for PBXProject "Voltaire" */ = {
			isa = XCConfigurationList;
			buildConfigurations = (
				09CA4D5C1C525A6800D7EFAA /* Debug */,
				09CA4D5D1C525A6800D7EFAA /* Release */,
			);
			defaultConfigurationIsVisible = 0;
			defaultConfigurationName = Release;
		};
		09CA4D5E1C525A6800D7EFAA /* Build configuration list for PBXNativeTarget "Voltaire" */ = {
			isa = XCConfigurationList;
			buildConfigurations = (
				09CA4D5F1C525A6800D7EFAA /* Debug */,
				09CA4D601C525A6800D7EFAA /* Release */,
			);
			defaultConfigurationIsVisible = 0;
			defaultConfigurationName = Release;
		};
/* End XCConfigurationList section */
	};
	rootObject = 09CA4D4F1C525A6800D7EFAA /* Project object */;
}
